
Microsoft Visual Studio Solution File, Format Version 12.00
# Visual Studio 15
Project("{FAE04EC0-301F-11D3-BF4B-00C04F79EFBC}") = "Assembly-CSharp", "Assembly-CSharp.csproj", "{C40673CF-0B03-1654-08BC-658D40EFAD33}"
EndProject
Project("{FAE04EC0-301F-11D3-BF4B-00C04F79EFBC}") = "Assembly-CSharp-Editor", "Assembly-CSharp-Editor.csproj", "{593C060F-91FD-D68F-B8D7-AAEDE40F00C0}"
EndProject
Global
	GlobalSection(SolutionConfigurationPlatforms) = preSolution
		Debug|Any CPU = Debug|Any CPU
		Release|Any CPU = Release|Any CPU
	EndGlobalSection
	GlobalSection(ProjectConfigurationPlatforms) = postSolution
		{C40673CF-0B03-1654-08BC-658D40EFAD33}.Debug|Any CPU.ActiveCfg = Debug|Any CPU
		{C40673CF-0B03-1654-08BC-658D40EFAD33}.Debug|Any CPU.Build.0 = Debug|Any CPU
		{C40673CF-0B03-1654-08BC-658D40EFAD33}.Release|Any CPU.ActiveCfg = Release|Any CPU
		{C40673CF-0B03-1654-08BC-658D40EFAD33}.Release|Any CPU.Build.0 = Release|Any CPU
		{593C060F-91FD-D68F-B8D7-AAEDE40F00C0}.Debug|Any CPU.ActiveCfg = Debug|Any CPU
		{593C060F-91FD-D68F-B8D7-AAEDE40F00C0}.Debug|Any CPU.Build.0 = Debug|Any CPU
		{593C060F-91FD-D68F-B8D7-AAEDE40F00C0}.Release|Any CPU.ActiveCfg = Release|Any CPU
		{593C060F-91FD-D68F-B8D7-AAEDE40F00C0}.Release|Any CPU.Build.0 = Release|Any CPU
	EndGlobalSection
	GlobalSection(SolutionProperties) = preSolution
		HideSolutionNode = FALSE
	EndGlobalSection
EndGlobal
